
Microsoft Visual Studio Solution File, Format Version 12.00
# Visual Studio Version 17
VisualStudioVersion = 17.5.002.0
MinimumVisualStudioVersion = 10.0.40219.1
Project("{9A19103F-16F7-4668-BE54-9A1E7A4F7556}") = "dotnet-oop", "dotnet-oop.csproj", "{F14B482A-133D-4243-96F4-49B25C3F5B8C}"
EndProject
Global
	GlobalSection(SolutionConfigurationPlatforms) = preSolution
		Debug|Any CPU = Debug|Any CPU
		Release|Any CPU = Release|Any CPU
	EndGlobalSection
	GlobalSection(ProjectConfigurationPlatforms) = postSolution
		{F14B482A-133D-4243-96F4-49B25C3F5B8C}.Debug|Any CPU.ActiveCfg = Debug|Any CPU
		{F14B482A-133D-4243-96F4-49B25C3F5B8C}.Debug|Any CPU.Build.0 = Debug|Any CPU
		{F14B482A-133D-4243-96F4-49B25C3F5B8C}.Release|Any CPU.ActiveCfg = Release|Any CPU
		{F14B482A-133D-4243-96F4-49B25C3F5B8C}.Release|Any CPU.Build.0 = Release|Any CPU
	EndGlobalSection
	GlobalSection(SolutionProperties) = preSolution
		HideSolutionNode = FALSE
	EndGlobalSection
	GlobalSection(ExtensibilityGlobals) = postSolution
		SolutionGuid = {E53E7FC8-FE1A-4A05-AEF6-2892A16D1AD9}
	EndGlobalSection
EndGlobal
